
Microsoft Visual Studio Solution File, Format Version 12.00
# Visual Studio Version 16
VisualStudioVersion = 16.0.31402.337
MinimumVisualStudioVersion = 10.0.40219.1
Project("{FAE04EC0-301F-11D3-BF4B-00C04F79EFBC}") = "Lab2.LINQtoXML", "Lab2.LINQtoXML\Lab2.LINQtoXML.csproj", "{6C3F7A42-51DE-4901-87CC-8D772D868D9D}"
EndProject
Project("{9A19103F-16F7-4668-BE54-9A1E7A4F7556}") = "Models", "..\Lab1.LINQ\Models\Models.csproj", "{27CF687E-7385-447C-A0E6-9842F2289F20}"
EndProject
Project("{FAE04EC0-301F-11D3-BF4B-00C04F79EFBC}") = "GeneralData", "GeneralData\GeneralData.csproj", "{3408247A-A8B8-47B2-8A2C-553C32F04D22}"
EndProject
Global
	GlobalSection(SolutionConfigurationPlatforms) = preSolution
		Debug|Any CPU = Debug|Any CPU
		Release|Any CPU = Release|Any CPU
	EndGlobalSection
	GlobalSection(ProjectConfigurationPlatforms) = postSolution
		{6C3F7A42-51DE-4901-87CC-8D772D868D9D}.Debug|Any CPU.ActiveCfg = Debug|Any CPU
		{6C3F7A42-51DE-4901-87CC-8D772D868D9D}.Debug|Any CPU.Build.0 = Debug|Any CPU
		{6C3F7A42-51DE-4901-87CC-8D772D868D9D}.Release|Any CPU.ActiveCfg = Release|Any CPU
		{6C3F7A42-51DE-4901-87CC-8D772D868D9D}.Release|Any CPU.Build.0 = Release|Any CPU
		{27CF687E-7385-447C-A0E6-9842F2289F20}.Debug|Any CPU.ActiveCfg = Debug|Any CPU
		{27CF687E-7385-447C-A0E6-9842F2289F20}.Debug|Any CPU.Build.0 = Debug|Any CPU
		{27CF687E-7385-447C-A0E6-9842F2289F20}.Release|Any CPU.ActiveCfg = Release|Any CPU
		{27CF687E-7385-447C-A0E6-9842F2289F20}.Release|Any CPU.Build.0 = Release|Any CPU
		{3408247A-A8B8-47B2-8A2C-553C32F04D22}.Debug|Any CPU.ActiveCfg = Debug|Any CPU
		{3408247A-A8B8-47B2-8A2C-553C32F04D22}.Debug|Any CPU.Build.0 = Debug|Any CPU
		{3408247A-A8B8-47B2-8A2C-553C32F04D22}.Release|Any CPU.ActiveCfg = Release|Any CPU
		{3408247A-A8B8-47B2-8A2C-553C32F04D22}.Release|Any CPU.Build.0 = Release|Any CPU
	EndGlobalSection
	GlobalSection(SolutionProperties) = preSolution
		HideSolutionNode = FALSE
	EndGlobalSection
	GlobalSection(ExtensibilityGlobals) = postSolution
		SolutionGuid = {1DC7EAEB-89F5-4566-9C29-BF793DCC4F6E}
	EndGlobalSection
EndGlobal
